
Microsoft Visual Studio Solution File, Format Version 12.00
# Visual Studio Version 17
VisualStudioVersion = 17.10.34928.147
MinimumVisualStudioVersion = 10.0.40219.1
Project("{FAE04EC0-301F-11D3-BF4B-00C04F79EFBC}") = "BikeRentalApplication", "BikeRentalApplication\BikeRentalApplication.csproj", "{7111DBB7-F30B-4B83-A947-D0968845A0AA}"
EndProject
Global
	GlobalSection(SolutionConfigurationPlatforms) = preSolution
		Debug|Any CPU = Debug|Any CPU
		Release|Any CPU = Release|Any CPU
	EndGlobalSection
	GlobalSection(ProjectConfigurationPlatforms) = postSolution
		{7111DBB7-F30B-4B83-A947-D0968845A0AA}.Debug|Any CPU.ActiveCfg = Debug|Any CPU
		{7111DBB7-F30B-4B83-A947-D0968845A0AA}.Debug|Any CPU.Build.0 = Debug|Any CPU
		{7111DBB7-F30B-4B83-A947-D0968845A0AA}.Release|Any CPU.ActiveCfg = Release|Any CPU
		{7111DBB7-F30B-4B83-A947-D0968845A0AA}.Release|Any CPU.Build.0 = Release|Any CPU
	EndGlobalSection
	GlobalSection(SolutionProperties) = preSolution
		HideSolutionNode = FALSE
	EndGlobalSection
	GlobalSection(ExtensibilityGlobals) = postSolution
		SolutionGuid = {2BE29BE7-766F-4475-BFD5-FC0191A2BB58}
	EndGlobalSection
EndGlobal
